
Microsoft Visual Studio Solution File, Format Version 12.00
# Visual Studio Version 16
VisualStudioVersion = 16.0.30517.126
MinimumVisualStudioVersion = 10.0.40219.1
Project("{FAE04EC0-301F-11D3-BF4B-00C04F79EFBC}") = "MPSTI.PlenoSoft.Selenium.Extension", "MPSTI.PlenoSoft.Selenium.Extension\MPSTI.PlenoSoft.Selenium.Extension.csproj", "{4555796E-F752-4C6B-809D-6988AABE8A21}"
EndProject
Project("{FAE04EC0-301F-11D3-BF4B-00C04F79EFBC}") = "MPSTI.PlenoSoft.Selenium.Extension2", "MPSTI.PlenoSoft.Selenium.Extension2\MPSTI.PlenoSoft.Selenium.Extension2.csproj", "{15901997-BA9D-4395-A71D-6EB58B06DCD6}"
EndProject
Global
	GlobalSection(SolutionConfigurationPlatforms) = preSolution
		Debug|Any CPU = Debug|Any CPU
		Release|Any CPU = Release|Any CPU
	EndGlobalSection
	GlobalSection(ProjectConfigurationPlatforms) = postSolution
		{4555796E-F752-4C6B-809D-6988AABE8A21}.Debug|Any CPU.ActiveCfg = Debug|Any CPU
		{4555796E-F752-4C6B-809D-6988AABE8A21}.Debug|Any CPU.Build.0 = Debug|Any CPU
		{4555796E-F752-4C6B-809D-6988AABE8A21}.Release|Any CPU.ActiveCfg = Release|Any CPU
		{4555796E-F752-4C6B-809D-6988AABE8A21}.Release|Any CPU.Build.0 = Release|Any CPU
		{15901997-BA9D-4395-A71D-6EB58B06DCD6}.Debug|Any CPU.ActiveCfg = Debug|Any CPU
		{15901997-BA9D-4395-A71D-6EB58B06DCD6}.Debug|Any CPU.Build.0 = Debug|Any CPU
		{15901997-BA9D-4395-A71D-6EB58B06DCD6}.Release|Any CPU.ActiveCfg = Release|Any CPU
		{15901997-BA9D-4395-A71D-6EB58B06DCD6}.Release|Any CPU.Build.0 = Release|Any CPU
	EndGlobalSection
	GlobalSection(SolutionProperties) = preSolution
		HideSolutionNode = FALSE
	EndGlobalSection
	GlobalSection(ExtensibilityGlobals) = postSolution
		SolutionGuid = {86A7D82B-FB91-4C8A-9E71-43AA7ACD4E5C}
	EndGlobalSection
EndGlobal
