
Microsoft Visual Studio Solution File, Format Version 12.00
# Visual Studio Version 16
VisualStudioVersion = 16.0.30517.126
MinimumVisualStudioVersion = 10.0.40219.1
Project("{FAE04EC0-301F-11D3-BF4B-00C04F79EFBC}") = "MPSTI.PlenoSoft.Selenium.Extension", "Selenium.Extension\MPSTI.PlenoSoft.Selenium.Extension.csproj", "{C79C750F-1065-49B8-B160-19A3C9AA74BB}"
EndProject
Project("{9A19103F-16F7-4668-BE54-9A1E7A4F7556}") = "MPSTI.PlenoSoft.Selenium.Extension.Core", "Selenium.Extension\MPSTI.PlenoSoft.Selenium.Extension.Core.csproj", "{8DF7BF62-58F1-4546-AEDA-9007E274D39E}"
EndProject
Global
	GlobalSection(SolutionConfigurationPlatforms) = preSolution
		Debug|Any CPU = Debug|Any CPU
		Release|Any CPU = Release|Any CPU
	EndGlobalSection
	GlobalSection(ProjectConfigurationPlatforms) = postSolution
		{C79C750F-1065-49B8-B160-19A3C9AA74BB}.Debug|Any CPU.ActiveCfg = Debug|Any CPU
		{C79C750F-1065-49B8-B160-19A3C9AA74BB}.Debug|Any CPU.Build.0 = Debug|Any CPU
		{C79C750F-1065-49B8-B160-19A3C9AA74BB}.Release|Any CPU.ActiveCfg = Release|Any CPU
		{C79C750F-1065-49B8-B160-19A3C9AA74BB}.Release|Any CPU.Build.0 = Release|Any CPU
		{8DF7BF62-58F1-4546-AEDA-9007E274D39E}.Debug|Any CPU.ActiveCfg = Debug|Any CPU
		{8DF7BF62-58F1-4546-AEDA-9007E274D39E}.Debug|Any CPU.Build.0 = Debug|Any CPU
		{8DF7BF62-58F1-4546-AEDA-9007E274D39E}.Release|Any CPU.ActiveCfg = Release|Any CPU
		{8DF7BF62-58F1-4546-AEDA-9007E274D39E}.Release|Any CPU.Build.0 = Release|Any CPU
	EndGlobalSection
	GlobalSection(SolutionProperties) = preSolution
		HideSolutionNode = FALSE
	EndGlobalSection
	GlobalSection(ExtensibilityGlobals) = postSolution
		SolutionGuid = {86A7D82B-FB91-4C8A-9E71-43AA7ACD4E5C}
	EndGlobalSection
EndGlobal
